
Microsoft Visual Studio Solution File, Format Version 12.00
# Visual Studio 2013
VisualStudioVersion = 12.0.31101.0
MinimumVisualStudioVersion = 10.0.40219.1
Project("{FAE04EC0-301F-11D3-BF4B-00C04F79EFBC}") = "ParsingToolGUI", "ParsingToolGUI\ParsingToolGUI.csproj", "{B442F0BD-6BD7-4814-979A-368AE3C03402}"
EndProject
Project("{FAE04EC0-301F-11D3-BF4B-00C04F79EFBC}") = "ForTest", "ForTest\ForTest.csproj", "{DF3CE4DA-099E-410D-B1AA-00550FBC1202}"
EndProject
Global
	GlobalSection(SolutionConfigurationPlatforms) = preSolution
		Debug|Any CPU = Debug|Any CPU
		Release|Any CPU = Release|Any CPU
	EndGlobalSection
	GlobalSection(ProjectConfigurationPlatforms) = postSolution
		{B442F0BD-6BD7-4814-979A-368AE3C03402}.Debug|Any CPU.ActiveCfg = Debug|Any CPU
		{B442F0BD-6BD7-4814-979A-368AE3C03402}.Debug|Any CPU.Build.0 = Debug|Any CPU
		{B442F0BD-6BD7-4814-979A-368AE3C03402}.Release|Any CPU.ActiveCfg = Release|Any CPU
		{B442F0BD-6BD7-4814-979A-368AE3C03402}.Release|Any CPU.Build.0 = Release|Any CPU
		{DF3CE4DA-099E-410D-B1AA-00550FBC1202}.Debug|Any CPU.ActiveCfg = Debug|Any CPU
		{DF3CE4DA-099E-410D-B1AA-00550FBC1202}.Debug|Any CPU.Build.0 = Debug|Any CPU
		{DF3CE4DA-099E-410D-B1AA-00550FBC1202}.Release|Any CPU.ActiveCfg = Release|Any CPU
		{DF3CE4DA-099E-410D-B1AA-00550FBC1202}.Release|Any CPU.Build.0 = Release|Any CPU
	EndGlobalSection
	GlobalSection(SolutionProperties) = preSolution
		HideSolutionNode = FALSE
	EndGlobalSection
EndGlobal
